// !$*UTF8*$!
{
	archiveVersion = 1;
	classes = {
	};
	objectVersion = 55;
	objects = {

/* Begin PBXBuildFile section */
		790442B82822F9A9001A1547 /* CircleGroupView.swift in Sources */ = {isa = PBXBuildFile; fileRef = 790442B72822F9A9001A1547 /* CircleGroupView.swift */; };
		7912788C2820042A008C1638 /* Restart_AppApp.swift in Sources */ = {isa = PBXBuildFile; fileRef = 7912788B2820042A008C1638 /* Restart_AppApp.swift */; };
		7912788E2820042A008C1638 /* ContentView.swift in Sources */ = {isa = PBXBuildFile; fileRef = 7912788D2820042A008C1638 /* ContentView.swift */; };
		791278902820042E008C1638 /* Assets.xcassets in Resources */ = {isa = PBXBuildFile; fileRef = 7912788F2820042E008C1638 /* Assets.xcassets */; };
		791278932820042E008C1638 /* Preview Assets.xcassets in Resources */ = {isa = PBXBuildFile; fileRef = 791278922820042E008C1638 /* Preview Assets.xcassets */; };
		7912789B28200610008C1638 /* chimeup.mp3 in Resources */ = {isa = PBXBuildFile; fileRef = 7912789928200610008C1638 /* chimeup.mp3 */; };
		7912789C28200610008C1638 /* success.m4a in Resources */ = {isa = PBXBuildFile; fileRef = 7912789A28200610008C1638 /* success.m4a */; };
		791278A72820447D008C1638 /* HomeView.swift in Sources */ = {isa = PBXBuildFile; fileRef = 791278A62820447D008C1638 /* HomeView.swift */; };
		791278A92820448D008C1638 /* OnboardingView.swift in Sources */ = {isa = PBXBuildFile; fileRef = 791278A82820448D008C1638 /* OnboardingView.swift */; };
/* End PBXBuildFile section */

/* Begin PBXFileReference section */
		790442B72822F9A9001A1547 /* CircleGroupView.swift */ = {isa = PBXFileReference; lastKnownFileType = sourcecode.swift; path = CircleGroupView.swift; sourceTree = "<group>"; };
		791278882820042A008C1638 /* Restart-App.app */ = {isa = PBXFileReference; explicitFileType = wrapper.application; includeInIndex = 0; path = "Restart-App.app"; sourceTree = BUILT_PRODUCTS_DIR; };
		7912788B2820042A008C1638 /* Restart_AppApp.swift */ = {isa = PBXFileReference; lastKnownFileType = sourcecode.swift; path = Restart_AppApp.swift; sourceTree = "<group>"; };
		7912788D2820042A008C1638 /* ContentView.swift */ = {isa = PBXFileReference; lastKnownFileType = sourcecode.swift; path = ContentView.swift; sourceTree = "<group>"; };
		7912788F2820042E008C1638 /* Assets.xcassets */ = {isa = PBXFileReference; lastKnownFileType = folder.assetcatalog; path = Assets.xcassets; sourceTree = "<group>"; };
		791278922820042E008C1638 /* Preview Assets.xcassets */ = {isa = PBXFileReference; lastKnownFileType = folder.assetcatalog; path = "Preview Assets.xcassets"; sourceTree = "<group>"; };
		7912789928200610008C1638 /* chimeup.mp3 */ = {isa = PBXFileReference; lastKnownFileType = audio.mp3; path = chimeup.mp3; sourceTree = "<group>"; };
		7912789A28200610008C1638 /* success.m4a */ = {isa = PBXFileReference; lastKnownFileType = file; path = success.m4a; sourceTree = "<group>"; };
		791278A128200984008C1638 /* Info.plist */ = {isa = PBXFileReference; lastKnownFileType = text.plist; path = Info.plist; sourceTree = "<group>"; };
		791278A62820447D008C1638 /* HomeView.swift */ = {isa = PBXFileReference; lastKnownFileType = sourcecode.swift; path = HomeView.swift; sourceTree = "<group>"; };
		791278A82820448D008C1638 /* OnboardingView.swift */ = {isa = PBXFileReference; lastKnownFileType = sourcecode.swift; path = OnboardingView.swift; sourceTree = "<group>"; };
/* End PBXFileReference section */

/* Begin PBXFrameworksBuildPhase section */
		791278852820042A008C1638 /* Frameworks */ = {
			isa = PBXFrameworksBuildPhase;
			buildActionMask = 2147483647;
			files = (
			);
			runOnlyForDeploymentPostprocessing = 0;
		};
/* End PBXFrameworksBuildPhase section */

/* Begin PBXGroup section */
		7912787F2820042A008C1638 = {
			isa = PBXGroup;
			children = (
				7912788A2820042A008C1638 /* Restart-App */,
				791278892820042A008C1638 /* Products */,
			);
			sourceTree = "<group>";
		};
		791278892820042A008C1638 /* Products */ = {
			isa = PBXGroup;
			children = (
				791278882820042A008C1638 /* Restart-App.app */,
			);
			name = Products;
			sourceTree = "<group>";
		};
		7912788A2820042A008C1638 /* Restart-App */ = {
			isa = PBXGroup;
			children = (
				791278A128200984008C1638 /* Info.plist */,
				7912788B2820042A008C1638 /* Restart_AppApp.swift */,
				7912789F28200850008C1638 /* Views */,
				7912789E28200839008C1638 /* Screens */,
				7912789D28200620008C1638 /* Sounds */,
				791278A028200861008C1638 /* Utilities */,
				7912788F2820042E008C1638 /* Assets.xcassets */,
				791278912820042E008C1638 /* Preview Content */,
			);
			path = "Restart-App";
			sourceTree = "<group>";
		};
		791278912820042E008C1638 /* Preview Content */ = {
			isa = PBXGroup;
			children = (
				791278922820042E008C1638 /* Preview Assets.xcassets */,
			);
			path = "Preview Content";
			sourceTree = "<group>";
		};
		7912789D28200620008C1638 /* Sounds */ = {
			isa = PBXGroup;
			children = (
				7912789928200610008C1638 /* chimeup.mp3 */,
				7912789A28200610008C1638 /* success.m4a */,
			);
			path = Sounds;
			sourceTree = "<group>";
		};
		7912789E28200839008C1638 /* Screens */ = {
			isa = PBXGroup;
			children = (
				7912788D2820042A008C1638 /* ContentView.swift */,
				791278A62820447D008C1638 /* HomeView.swift */,
				791278A82820448D008C1638 /* OnboardingView.swift */,
			);
			path = Screens;
			sourceTree = "<group>";
		};
		7912789F28200850008C1638 /* Views */ = {
			isa = PBXGroup;
			children = (
				790442B72822F9A9001A1547 /* CircleGroupView.swift */,
			);
			path = Views;
			sourceTree = "<group>";
		};
		791278A028200861008C1638 /* Utilities */ = {
			isa = PBXGroup;
			children = (
			);
			path = Utilities;
			sourceTree = "<group>";
		};
/* End PBXGroup section */

/* Begin PBXNativeTarget section */
		791278872820042A008C1638 /* Restart-App */ = {
			isa = PBXNativeTarget;
			buildConfigurationList = 791278962820042E008C1638 /* Build configuration list for PBXNativeTarget "Restart-App" */;
			buildPhases = (
				791278842820042A008C1638 /* Sources */,
				791278852820042A008C1638 /* Frameworks */,
				791278862820042A008C1638 /* Resources */,
			);
			buildRules = (
			);
			dependencies = (
			);
			name = "Restart-App";
			productName = "Restart-App";
			productReference = 791278882820042A008C1638 /* Restart-App.app */;
			productType = "com.apple.product-type.application";
		};
/* End PBXNativeTarget section */

/* Begin PBXProject section */
		791278802820042A008C1638 /* Project object */ = {
			isa = PBXProject;
			attributes = {
				BuildIndependentTargetsInParallel = 1;
				LastSwiftUpdateCheck = 1330;
				LastUpgradeCheck = 1330;
				TargetAttributes = {
					791278872820042A008C1638 = {
						CreatedOnToolsVersion = 13.3.1;
					};
				};
			};
			buildConfigurationList = 791278832820042A008C1638 /* Build configuration list for PBXProject "Restart-App" */;
			compatibilityVersion = "Xcode 13.0";
			developmentRegion = en;
			hasScannedForEncodings = 0;
			knownRegions = (
				en,
				Base,
			);
			mainGroup = 7912787F2820042A008C1638;
			productRefGroup = 791278892820042A008C1638 /* Products */;
			projectDirPath = "";
			projectRoot = "";
			targets = (
				791278872820042A008C1638 /* Restart-App */,
			);
		};
/* End PBXProject section */

/* Begin PBXResourcesBuildPhase section */
		791278862820042A008C1638 /* Resources */ = {
			isa = PBXResourcesBuildPhase;
			buildActionMask = 2147483647;
			files = (
				7912789C28200610008C1638 /* success.m4a in Resources */,
				7912789B28200610008C1638 /* chimeup.mp3 in Resources */,
				791278932820042E008C1638 /* Preview Assets.xcassets in Resources */,
				791278902820042E008C1638 /* Assets.xcassets in Resources */,
			);
			runOnlyForDeploymentPostprocessing = 0;
		};
/* End PBXResourcesBuildPhase section */

/* Begin PBXSourcesBuildPhase section */
		791278842820042A008C1638 /* Sources */ = {
			isa = PBXSourcesBuildPhase;
			buildActionMask = 2147483647;
			files = (
				790442B82822F9A9001A1547 /* CircleGroupView.swift in Sources */,
				791278A72820447D008C1638 /* HomeView.swift in Sources */,
				791278A92820448D008C1638 /* OnboardingView.swift in Sources */,
				7912788E2820042A008C1638 /* ContentView.swift in Sources */,
				7912788C2820042A008C1638 /* Restart_AppApp.swift in Sources */,
			);
			runOnlyForDeploymentPostprocessing = 0;
		};
/* End PBXSourcesBuildPhase section */

/* Begin XCBuildConfiguration section */
		791278942820042E008C1638 /* Debug */ = {
			isa = XCBuildConfiguration;
			buildSettings = {
				ALWAYS_SEARCH_USER_PATHS = NO;
				CLANG_ANALYZER_NONNULL = YES;
				CLANG_ANALYZER_NUMBER_OBJECT_CONVERSION = YES_AGGRESSIVE;
				CLANG_CXX_LANGUAGE_STANDARD = "gnu++17";
				CLANG_ENABLE_MODULES = YES;
				CLANG_ENABLE_OBJC_ARC = YES;
				CLANG_ENABLE_OBJC_WEAK = YES;
				CLANG_WARN_BLOCK_CAPTURE_AUTORELEASING = YES;
				CLANG_WARN_BOOL_CONVERSION = YES;
				CLANG_WARN_COMMA = YES;
				CLANG_WARN_CONSTANT_CONVERSION = YES;
				CLANG_WARN_DEPRECATED_OBJC_IMPLEMENTATIONS = YES;
				CLANG_WARN_DIRECT_OBJC_ISA_USAGE = YES_ERROR;
				CLANG_WARN_DOCUMENTATION_COMMENTS = YES;
				CLANG_WARN_EMPTY_BODY = YES;
				CLANG_WARN_ENUM_CONVERSION = YES;
				CLANG_WARN_INFINITE_RECURSION = YES;
				CLANG_WARN_INT_CONVERSION = YES;
				CLANG_WARN_NON_LITERAL_NULL_CONVERSION = YES;
				CLANG_WARN_OBJC_IMPLICIT_RETAIN_SELF = YES;
				CLANG_WARN_OBJC_LITERAL_CONVERSION = YES;
				CLANG_WARN_OBJC_ROOT_CLASS = YES_ERROR;
				CLANG_WARN_QUOTED_INCLUDE_IN_FRAMEWORK_HEADER = YES;
				CLANG_WARN_RANGE_LOOP_ANALYSIS = YES;
				CLANG_WARN_STRICT_PROTOTYPES = YES;
				CLANG_WARN_SUSPICIOUS_MOVE = YES;
				CLANG_WARN_UNGUARDED_AVAILABILITY = YES_AGGRESSIVE;
				CLANG_WARN_UNREACHABLE_CODE = YES;
				CLANG_WARN__DUPLICATE_METHOD_MATCH = YES;
				COPY_PHASE_STRIP = NO;
				DEBUG_INFORMATION_FORMAT = dwarf;
				ENABLE_STRICT_OBJC_MSGSEND = YES;
				ENABLE_TESTABILITY = YES;
				GCC_C_LANGUAGE_STANDARD = gnu11;
				GCC_DYNAMIC_NO_PIC = NO;
				GCC_NO_COMMON_BLOCKS = YES;
				GCC_OPTIMIZATION_LEVEL = 0;
				GCC_PREPROCESSOR_DEFINITIONS = (
					"DEBUG=1",
					"$(inherited)",
				);
				GCC_WARN_64_TO_32_BIT_CONVERSION = YES;
				GCC_WARN_ABOUT_RETURN_TYPE = YES_ERROR;
				GCC_WARN_UNDECLARED_SELECTOR = YES;
				GCC_WARN_UNINITIALIZED_AUTOS = YES_AGGRESSIVE;
				GCC_WARN_UNUSED_FUNCTION = YES;
				GCC_WARN_UNUSED_VARIABLE = YES;
				IPHONEOS_DEPLOYMENT_TARGET = 15.4;
				MTL_ENABLE_DEBUG_INFO = INCLUDE_SOURCE;
				MTL_FAST_MATH = YES;
				ONLY_ACTIVE_ARCH = YES;
				SDKROOT = iphoneos;
				SWIFT_ACTIVE_COMPILATION_CONDITIONS = DEBUG;
				SWIFT_OPTIMIZATION_LEVEL = "-Onone";
			};
			name = Debug;
		};
		791278952820042E008C1638 /* Release */ = {
			isa = XCBuildConfiguration;
			buildSettings = {
				ALWAYS_SEARCH_USER_PATHS = NO;
				CLANG_ANALYZER_NONNULL = YES;
				CLANG_ANALYZER_NUMBER_OBJECT_CONVERSION = YES_AGGRESSIVE;
				CLANG_CXX_LANGUAGE_STANDARD = "gnu++17";
				CLANG_ENABLE_MODULES = YES;
				CLANG_ENABLE_OBJC_ARC = YES;
				CLANG_ENABLE_OBJC_WEAK = YES;
				CLANG_WARN_BLOCK_CAPTURE_AUTORELEASING = YES;
				CLANG_WARN_BOOL_CONVERSION = YES;
				CLANG_WARN_COMMA = YES;
				CLANG_WARN_CONSTANT_CONVERSION = YES;
				CLANG_WARN_DEPRECATED_OBJC_IMPLEMENTATIONS = YES;
				CLANG_WARN_DIRECT_OBJC_ISA_USAGE = YES_ERROR;
				CLANG_WARN_DOCUMENTATION_COMMENTS = YES;
				CLANG_WARN_EMPTY_BODY = YES;
				CLANG_WARN_ENUM_CONVERSION = YES;
				CLANG_WARN_INFINITE_RECURSION = YES;
				CLANG_WARN_INT_CONVERSION = YES;
				CLANG_WARN_NON_LITERAL_NULL_CONVERSION = YES;
				CLANG_WARN_OBJC_IMPLICIT_RETAIN_SELF = YES;
				CLANG_WARN_OBJC_LITERAL_CONVERSION = YES;
				CLANG_WARN_OBJC_ROOT_CLASS = YES_ERROR;
				CLANG_WARN_QUOTED_INCLUDE_IN_FRAMEWORK_HEADER = YES;
				CLANG_WARN_RANGE_LOOP_ANALYSIS = YES;
				CLANG_WARN_STRICT_PROTOTYPES = YES;
				CLANG_WARN_SUSPICIOUS_MOVE = YES;
				CLANG_WARN_UNGUARDED_AVAILABILITY = YES_AGGRESSIVE;
				CLANG_WARN_UNREACHABLE_CODE = YES;
				CLANG_WARN__DUPLICATE_METHOD_MATCH = YES;
				COPY_PHASE_STRIP = NO;
				DEBUG_INFORMATION_FORMAT = "dwarf-with-dsym";
				ENABLE_NS_ASSERTIONS = NO;
				ENABLE_STRICT_OBJC_MSGSEND = YES;
				GCC_C_LANGUAGE_STANDARD = gnu11;
				GCC_NO_COMMON_BLOCKS = YES;
				GCC_WARN_64_TO_32_BIT_CONVERSION = YES;
				GCC_WARN_ABOUT_RETURN_TYPE = YES_ERROR;
				GCC_WARN_UNDECLARED_SELECTOR = YES;
				GCC_WARN_UNINITIALIZED_AUTOS = YES_AGGRESSIVE;
				GCC_WARN_UNUSED_FUNCTION = YES;
				GCC_WARN_UNUSED_VARIABLE = YES;
				IPHONEOS_DEPLOYMENT_TARGET = 15.4;
				MTL_ENABLE_DEBUG_INFO = NO;
				MTL_FAST_MATH = YES;
				SDKROOT = iphoneos;
				SWIFT_COMPILATION_MODE = wholemodule;
				SWIFT_OPTIMIZATION_LEVEL = "-O";
				VALIDATE_PRODUCT = YES;
			};
			name = Release;
		};
		791278972820042E008C1638 /* Debug */ = {
			isa = XCBuildConfiguration;
			buildSettings = {
				ASSETCATALOG_COMPILER_APPICON_NAME = AppIcon;
				ASSETCATALOG_COMPILER_GLOBAL_ACCENT_COLOR_NAME = AccentColor;
				CODE_SIGN_STYLE = Automatic;
				CURRENT_PROJECT_VERSION = 1;
				DEVELOPMENT_ASSET_PATHS = "\"Restart-App/Preview Content\"";
				DEVELOPMENT_TEAM = 52G4MQR5UN;
				ENABLE_PREVIEWS = YES;
				GENERATE_INFOPLIST_FILE = YES;
				INFOPLIST_FILE = "Restart-App/Info.plist";
				INFOPLIST_KEY_UIApplicationSceneManifest_Generation = YES;
				INFOPLIST_KEY_UIApplicationSupportsIndirectInputEvents = YES;
				INFOPLIST_KEY_UISupportedInterfaceOrientations = UIInterfaceOrientationPortrait;
				INFOPLIST_KEY_UISupportedInterfaceOrientations_iPad = "UIInterfaceOrientationPortrait UIInterfaceOrientationPortraitUpsideDown UIInterfaceOrientationLandscapeLeft UIInterfaceOrientationLandscapeRight";
				INFOPLIST_KEY_UISupportedInterfaceOrientations_iPhone = UIInterfaceOrientationPortrait;
				IPHONEOS_DEPLOYMENT_TARGET = 15.4;
				LD_RUNPATH_SEARCH_PATHS = (
					"$(inherited)",
					"@executable_path/Frameworks",
				);
				MARKETING_VERSION = 1.0;
				PRODUCT_BUNDLE_IDENTIFIER = "co.DarioMintzer.Restart-App";
				PRODUCT_NAME = "$(TARGET_NAME)";
				SWIFT_EMIT_LOC_STRINGS = YES;
				SWIFT_VERSION = 5.0;
				TARGETED_DEVICE_FAMILY = "1,2";
			};
			name = Debug;
		};
		791278982820042E008C1638 /* Release */ = {
			isa = XCBuildConfiguration;
			buildSettings = {
				ASSETCATALOG_COMPILER_APPICON_NAME = AppIcon;
				ASSETCATALOG_COMPILER_GLOBAL_ACCENT_COLOR_NAME = AccentColor;
				CODE_SIGN_STYLE = Automatic;
				CURRENT_PROJECT_VERSION = 1;
				DEVELOPMENT_ASSET_PATHS = "\"Restart-App/Preview Content\"";
				DEVELOPMENT_TEAM = 52G4MQR5UN;
				ENABLE_PREVIEWS = YES;
				GENERATE_INFOPLIST_FILE = YES;
				INFOPLIST_FILE = "Restart-App/Info.plist";
				INFOPLIST_KEY_UIApplicationSceneManifest_Generation = YES;
				INFOPLIST_KEY_UIApplicationSupportsIndirectInputEvents = YES;
				INFOPLIST_KEY_UISupportedInterfaceOrientations = UIInterfaceOrientationPortrait;
				INFOPLIST_KEY_UISupportedInterfaceOrientations_iPad = "UIInterfaceOrientationPortrait UIInterfaceOrientationPortraitUpsideDown UIInterfaceOrientationLandscapeLeft UIInterfaceOrientationLandscapeRight";
				INFOPLIST_KEY_UISupportedInterfaceOrientations_iPhone = UIInterfaceOrientationPortrait;
				IPHONEOS_DEPLOYMENT_TARGET = 15.4;
				LD_RUNPATH_SEARCH_PATHS = (
					"$(inherited)",
					"@executable_path/Frameworks",
				);
				MARKETING_VERSION = 1.0;
				PRODUCT_BUNDLE_IDENTIFIER = "co.DarioMintzer.Restart-App";
				PRODUCT_NAME = "$(TARGET_NAME)";
				SWIFT_EMIT_LOC_STRINGS = YES;
				SWIFT_VERSION = 5.0;
				TARGETED_DEVICE_FAMILY = "1,2";
			};
			name = Release;
		};
/* End XCBuildConfiguration section */

/* Begin XCConfigurationList section */
		791278832820042A008C1638 /* Build configuration list for PBXProject "Restart-App" */ = {
			isa = XCConfigurationList;
			buildConfigurations = (
				791278942820042E008C1638 /* Debug */,
				791278952820042E008C1638 /* Release */,
			);
			defaultConfigurationIsVisible = 0;
			defaultConfigurationName = Release;
		};
		791278962820042E008C1638 /* Build configuration list for PBXNativeTarget "Restart-App" */ = {
			isa = XCConfigurationList;
			buildConfigurations = (
				791278972820042E008C1638 /* Debug */,
				791278982820042E008C1638 /* Release */,
			);
			defaultConfigurationIsVisible = 0;
			defaultConfigurationName = Release;
		};
/* End XCConfigurationList section */
	};
	rootObject = 791278802820042A008C1638 /* Project object */;
}
